
Microsoft Visual Studio Solution File, Format Version 12.00
# Visual Studio Version 16
VisualStudioVersion = 16.0.37206.5
MinimumVisualStudioVersion = 10.0.40219.1
Project("{F184B08F-C81C-45F6-A57F-5ABD9991F28F}") = "BOCRGSOF", "BOCRGSOF\BOCRGSOF.VBPROJ", "{600D677B-D412-46FD-BCEE-70C6B326F599}"
EndProject
Project("{F184B08F-C81C-45F6-A57F-5ABD9991F28F}") = "BUSCUBE", "Buscube\BUSCUBE.vbproj", "{14F92825-1FD1-41BE-8B97-1D37CB8C37D4}"
EndProject
Global
	GlobalSection(SolutionConfigurationPlatforms) = preSolution
		Debug|Any CPU = Debug|Any CPU
		Release|Any CPU = Release|Any CPU
	EndGlobalSection
	GlobalSection(ProjectConfigurationPlatforms) = postSolution
		{600D677B-D412-46FD-BCEE-70C6B326F599}.Debug|Any CPU.ActiveCfg = Debug|Any CPU
		{600D677B-D412-46FD-BCEE-70C6B326F599}.Debug|Any CPU.Build.0 = Debug|Any CPU
		{600D677B-D412-46FD-BCEE-70C6B326F599}.Release|Any CPU.ActiveCfg = Release|Any CPU
		{600D677B-D412-46FD-BCEE-70C6B326F599}.Release|Any CPU.Build.0 = Release|Any CPU
		{14F92825-1FD1-41BE-8B97-1D37CB8C37D4}.Debug|Any CPU.ActiveCfg = Debug|Any CPU
		{14F92825-1FD1-41BE-8B97-1D37CB8C37D4}.Debug|Any CPU.Build.0 = Debug|Any CPU
		{14F92825-1FD1-41BE-8B97-1D37CB8C37D4}.Release|Any CPU.ActiveCfg = Release|Any CPU
		{14F92825-1FD1-41BE-8B97-1D37CB8C37D4}.Release|Any CPU.Build.0 = Release|Any CPU
	EndGlobalSection
	GlobalSection(SolutionProperties) = preSolution
		HideSolutionNode = FALSE
	EndGlobalSection
	GlobalSection(ExtensibilityGlobals) = postSolution
		SolutionGuid = {47060C00-7A71-45C5-B189-F77F66E2BD7F}
	EndGlobalSection
EndGlobal
